# THIS IS AN AUTOGENERATED FILE. DO NOT EDIT THIS FILE DIRECTLY.
# yarn lockfile v1


bulma-calendar@^6.1.15:
  version "6.1.15"
  resolved "https://registry.yarnpkg.com/bulma-calendar/-/bulma-calendar-6.1.15.tgz#c9247a2f7ee7e68dcad67dc01850f93b4b5f946b"
  integrity sha512-RYpc13iLsyUdAwQRztETkM5DLb+wpATHgi3AzeavInjkowJqoY4JxXNTgS9DQXIhKn2dxT2HHuBb8012z6KNGg==
  dependencies:
    date-fns "^2.21.3"

date-fns@^2.21.3:
  version "2.28.0"
  resolved "https://registry.yarnpkg.com/date-fns/-/date-fns-2.28.0.tgz#9570d656f5fc13143e50c975a3b6bbeb46cd08b2"
  integrity sha512-8d35hViGYx/QH0icHYCeLmsLmMUheMmTyV9Fcm6gvNwdw31yXXH+O85sOBJ+OLnLQMKZowvpKb6FgMIQjcpvQw==
